
Microsoft Visual Studio Solution File, Format Version 12.00
# Visual Studio Version 17
VisualStudioVersion = 17.13.35913.81 d17.13
MinimumVisualStudioVersion = 10.0.40219.1
Project("{FAE04EC0-301F-11D3-BF4B-00C04F79EFBC}") = "IsochroneMap", "IsochroneMap.csproj", "{525B92BB-07CE-18E9-6029-7B04AD6920C9}"
EndProject
Global
	GlobalSection(SolutionConfigurationPlatforms) = preSolution
		Debug|Any CPU = Debug|Any CPU
		Release|Any CPU = Release|Any CPU
	EndGlobalSection
	GlobalSection(ProjectConfigurationPlatforms) = postSolution
		{525B92BB-07CE-18E9-6029-7B04AD6920C9}.Debug|Any CPU.ActiveCfg = Debug|Any CPU
		{525B92BB-07CE-18E9-6029-7B04AD6920C9}.Debug|Any CPU.Build.0 = Debug|Any CPU
		{525B92BB-07CE-18E9-6029-7B04AD6920C9}.Release|Any CPU.ActiveCfg = Release|Any CPU
		{525B92BB-07CE-18E9-6029-7B04AD6920C9}.Release|Any CPU.Build.0 = Release|Any CPU
	EndGlobalSection
	GlobalSection(SolutionProperties) = preSolution
		HideSolutionNode = FALSE
	EndGlobalSection
	GlobalSection(ExtensibilityGlobals) = postSolution
		SolutionGuid = {BA9EE3EE-7526-420D-B343-D8445F51BD4E}
	EndGlobalSection
EndGlobal
