
Microsoft Visual Studio Solution File, Format Version 12.00
# Visual Studio Version 17
VisualStudioVersion = 17.13.35913.81 d17.13
MinimumVisualStudioVersion = 10.0.40219.1
Project("{FAE04EC0-301F-11D3-BF4B-00C04F79EFBC}") = "View3D", "View3D.csproj", "{80AE57D6-CDF9-E64C-CC71-8AEFC55F2EE7}"
EndProject
Global
	GlobalSection(SolutionConfigurationPlatforms) = preSolution
		Debug|Any CPU = Debug|Any CPU
		Release|Any CPU = Release|Any CPU
	EndGlobalSection
	GlobalSection(ProjectConfigurationPlatforms) = postSolution
		{80AE57D6-CDF9-E64C-CC71-8AEFC55F2EE7}.Debug|Any CPU.ActiveCfg = Debug|Any CPU
		{80AE57D6-CDF9-E64C-CC71-8AEFC55F2EE7}.Debug|Any CPU.Build.0 = Debug|Any CPU
		{80AE57D6-CDF9-E64C-CC71-8AEFC55F2EE7}.Release|Any CPU.ActiveCfg = Release|Any CPU
		{80AE57D6-CDF9-E64C-CC71-8AEFC55F2EE7}.Release|Any CPU.Build.0 = Release|Any CPU
	EndGlobalSection
	GlobalSection(SolutionProperties) = preSolution
		HideSolutionNode = FALSE
	EndGlobalSection
	GlobalSection(ExtensibilityGlobals) = postSolution
		SolutionGuid = {7EB8FC80-77E4-4BAD-BD30-540C9CACAC38}
	EndGlobalSection
EndGlobal
