
Microsoft Visual Studio Solution File, Format Version 12.00
# Visual Studio Version 17
VisualStudioVersion = 17.13.35919.96 d17.13
MinimumVisualStudioVersion = 10.0.40219.1
Project("{F184B08F-C81C-45F6-A57F-5ABD9991F28F}") = "GPSTracker", "GPSTracker.vbproj", "{07304D84-1483-88BB-81D2-6A5C98AF51AA}"
EndProject
Global
	GlobalSection(SolutionConfigurationPlatforms) = preSolution
		Debug|Any CPU = Debug|Any CPU
		Release|Any CPU = Release|Any CPU
	EndGlobalSection
	GlobalSection(ProjectConfigurationPlatforms) = postSolution
		{07304D84-1483-88BB-81D2-6A5C98AF51AA}.Debug|Any CPU.ActiveCfg = Debug|Any CPU
		{07304D84-1483-88BB-81D2-6A5C98AF51AA}.Debug|Any CPU.Build.0 = Debug|Any CPU
		{07304D84-1483-88BB-81D2-6A5C98AF51AA}.Release|Any CPU.ActiveCfg = Release|Any CPU
		{07304D84-1483-88BB-81D2-6A5C98AF51AA}.Release|Any CPU.Build.0 = Release|Any CPU
	EndGlobalSection
	GlobalSection(SolutionProperties) = preSolution
		HideSolutionNode = FALSE
	EndGlobalSection
	GlobalSection(ExtensibilityGlobals) = postSolution
		SolutionGuid = {CB654BEF-0DA4-4883-813B-4FA989158D23}
	EndGlobalSection
EndGlobal
