
Microsoft Visual Studio Solution File, Format Version 12.00
# Visual Studio Version 17
VisualStudioVersion = 17.13.35913.81 d17.13
MinimumVisualStudioVersion = 10.0.40219.1
Project("{FAE04EC0-301F-11D3-BF4B-00C04F79EFBC}") = "Pixel", "Pixel.csproj", "{AF7FE456-42E9-E38A-3EBA-FEF7770BF02D}"
EndProject
Global
	GlobalSection(SolutionConfigurationPlatforms) = preSolution
		Debug|Any CPU = Debug|Any CPU
		Release|Any CPU = Release|Any CPU
	EndGlobalSection
	GlobalSection(ProjectConfigurationPlatforms) = postSolution
		{AF7FE456-42E9-E38A-3EBA-FEF7770BF02D}.Debug|Any CPU.ActiveCfg = Debug|Any CPU
		{AF7FE456-42E9-E38A-3EBA-FEF7770BF02D}.Debug|Any CPU.Build.0 = Debug|Any CPU
		{AF7FE456-42E9-E38A-3EBA-FEF7770BF02D}.Release|Any CPU.ActiveCfg = Release|Any CPU
		{AF7FE456-42E9-E38A-3EBA-FEF7770BF02D}.Release|Any CPU.Build.0 = Release|Any CPU
	EndGlobalSection
	GlobalSection(SolutionProperties) = preSolution
		HideSolutionNode = FALSE
	EndGlobalSection
	GlobalSection(ExtensibilityGlobals) = postSolution
		SolutionGuid = {E4E5B271-7538-4B3D-9CE4-EE353D158A26}
	EndGlobalSection
EndGlobal
