
Microsoft Visual Studio Solution File, Format Version 12.00
# Visual Studio Version 17
VisualStudioVersion = 17.13.35919.96 d17.13
MinimumVisualStudioVersion = 10.0.40219.1
Project("{F184B08F-C81C-45F6-A57F-5ABD9991F28F}") = "Relate", "Relate.vbproj", "{B164DACB-FCE8-AB3D-F7B5-35BC90B07396}"
EndProject
Global
	GlobalSection(SolutionConfigurationPlatforms) = preSolution
		Debug|Any CPU = Debug|Any CPU
		Release|Any CPU = Release|Any CPU
	EndGlobalSection
	GlobalSection(ProjectConfigurationPlatforms) = postSolution
		{B164DACB-FCE8-AB3D-F7B5-35BC90B07396}.Debug|Any CPU.ActiveCfg = Debug|Any CPU
		{B164DACB-FCE8-AB3D-F7B5-35BC90B07396}.Debug|Any CPU.Build.0 = Debug|Any CPU
		{B164DACB-FCE8-AB3D-F7B5-35BC90B07396}.Release|Any CPU.ActiveCfg = Release|Any CPU
		{B164DACB-FCE8-AB3D-F7B5-35BC90B07396}.Release|Any CPU.Build.0 = Release|Any CPU
	EndGlobalSection
	GlobalSection(SolutionProperties) = preSolution
		HideSolutionNode = FALSE
	EndGlobalSection
	GlobalSection(ExtensibilityGlobals) = postSolution
		SolutionGuid = {9C563238-CD79-4117-8301-E4251C5C228A}
	EndGlobalSection
EndGlobal
