
Microsoft Visual Studio Solution File, Format Version 12.00
# Visual Studio Version 17
VisualStudioVersion = 17.13.35913.81 d17.13
MinimumVisualStudioVersion = 10.0.40219.1
Project("{FAE04EC0-301F-11D3-BF4B-00C04F79EFBC}") = "GPSTracker_NETFramework", "GPSTracker_NETFramework.csproj", "{90DD76F2-C1E4-489F-965B-EF734611577E}"
EndProject
Global
	GlobalSection(SolutionConfigurationPlatforms) = preSolution
		Debug|Any CPU = Debug|Any CPU
		Release|Any CPU = Release|Any CPU
	EndGlobalSection
	GlobalSection(ProjectConfigurationPlatforms) = postSolution
		{90DD76F2-C1E4-489F-965B-EF734611577E}.Debug|Any CPU.ActiveCfg = Debug|Any CPU
		{90DD76F2-C1E4-489F-965B-EF734611577E}.Debug|Any CPU.Build.0 = Debug|Any CPU
		{90DD76F2-C1E4-489F-965B-EF734611577E}.Release|Any CPU.ActiveCfg = Release|Any CPU
		{90DD76F2-C1E4-489F-965B-EF734611577E}.Release|Any CPU.Build.0 = Release|Any CPU
	EndGlobalSection
	GlobalSection(SolutionProperties) = preSolution
		HideSolutionNode = FALSE
	EndGlobalSection
	GlobalSection(ExtensibilityGlobals) = postSolution
		SolutionGuid = {7CD6623B-18AE-417F-9E0F-ED1E4A4958D5}
	EndGlobalSection
EndGlobal
