
Microsoft Visual Studio Solution File, Format Version 12.00
# Visual Studio Version 17
VisualStudioVersion = 17.13.35913.81 d17.13
MinimumVisualStudioVersion = 10.0.40219.1
Project("{FAE04EC0-301F-11D3-BF4B-00C04F79EFBC}") = "Viewshed_NETFramework", "Viewshed_NETFramework.csproj", "{24933FCE-A0AA-4F96-9D36-AFB4ED86CF08}"
EndProject
Global
	GlobalSection(SolutionConfigurationPlatforms) = preSolution
		Debug|Any CPU = Debug|Any CPU
		Release|Any CPU = Release|Any CPU
	EndGlobalSection
	GlobalSection(ProjectConfigurationPlatforms) = postSolution
		{24933FCE-A0AA-4F96-9D36-AFB4ED86CF08}.Debug|Any CPU.ActiveCfg = Debug|Any CPU
		{24933FCE-A0AA-4F96-9D36-AFB4ED86CF08}.Debug|Any CPU.Build.0 = Debug|Any CPU
		{24933FCE-A0AA-4F96-9D36-AFB4ED86CF08}.Release|Any CPU.ActiveCfg = Release|Any CPU
		{24933FCE-A0AA-4F96-9D36-AFB4ED86CF08}.Release|Any CPU.Build.0 = Release|Any CPU
	EndGlobalSection
	GlobalSection(SolutionProperties) = preSolution
		HideSolutionNode = FALSE
	EndGlobalSection
	GlobalSection(ExtensibilityGlobals) = postSolution
		SolutionGuid = {2D0882A7-2F9B-43DF-9CDC-05728A03FCA3}
	EndGlobalSection
EndGlobal
