
Microsoft Visual Studio Solution File, Format Version 12.00
# Visual Studio Version 17
VisualStudioVersion = 17.13.35919.96 d17.13
MinimumVisualStudioVersion = 10.0.40219.1
Project("{F184B08F-C81C-45F6-A57F-5ABD9991F28F}") = "Hierarchy", "Hierarchy.vbproj", "{2AC54432-3DD4-2D36-84CA-9ED23DDABF5F}"
EndProject
Global
	GlobalSection(SolutionConfigurationPlatforms) = preSolution
		Debug|Any CPU = Debug|Any CPU
		Release|Any CPU = Release|Any CPU
	EndGlobalSection
	GlobalSection(ProjectConfigurationPlatforms) = postSolution
		{2AC54432-3DD4-2D36-84CA-9ED23DDABF5F}.Debug|Any CPU.ActiveCfg = Debug|Any CPU
		{2AC54432-3DD4-2D36-84CA-9ED23DDABF5F}.Debug|Any CPU.Build.0 = Debug|Any CPU
		{2AC54432-3DD4-2D36-84CA-9ED23DDABF5F}.Release|Any CPU.ActiveCfg = Release|Any CPU
		{2AC54432-3DD4-2D36-84CA-9ED23DDABF5F}.Release|Any CPU.Build.0 = Release|Any CPU
	EndGlobalSection
	GlobalSection(SolutionProperties) = preSolution
		HideSolutionNode = FALSE
	EndGlobalSection
	GlobalSection(ExtensibilityGlobals) = postSolution
		SolutionGuid = {423437C6-22AC-4C74-876E-872C0423D75A}
	EndGlobalSection
EndGlobal
