
Microsoft Visual Studio Solution File, Format Version 12.00
# Visual Studio Version 17
VisualStudioVersion = 17.13.35913.81 d17.13
MinimumVisualStudioVersion = 10.0.40219.1
Project("{FAE04EC0-301F-11D3-BF4B-00C04F79EFBC}") = "HelloDK", "HelloDK.csproj", "{ACB11EAF-3BDB-5F1C-B652-EC50CEC83799}"
EndProject
Global
	GlobalSection(SolutionConfigurationPlatforms) = preSolution
		Debug|Any CPU = Debug|Any CPU
		Release|Any CPU = Release|Any CPU
	EndGlobalSection
	GlobalSection(ProjectConfigurationPlatforms) = postSolution
		{ACB11EAF-3BDB-5F1C-B652-EC50CEC83799}.Debug|Any CPU.ActiveCfg = Debug|Any CPU
		{ACB11EAF-3BDB-5F1C-B652-EC50CEC83799}.Debug|Any CPU.Build.0 = Debug|Any CPU
		{ACB11EAF-3BDB-5F1C-B652-EC50CEC83799}.Release|Any CPU.ActiveCfg = Release|Any CPU
		{ACB11EAF-3BDB-5F1C-B652-EC50CEC83799}.Release|Any CPU.Build.0 = Release|Any CPU
	EndGlobalSection
	GlobalSection(SolutionProperties) = preSolution
		HideSolutionNode = FALSE
	EndGlobalSection
	GlobalSection(ExtensibilityGlobals) = postSolution
		SolutionGuid = {A823CFA9-E87C-4D4F-9AC5-303ABC4F5872}
	EndGlobalSection
EndGlobal
