
Microsoft Visual Studio Solution File, Format Version 12.00
# Visual Studio Version 17
VisualStudioVersion = 17.13.35913.81 d17.13
MinimumVisualStudioVersion = 10.0.40219.1
Project("{FAE04EC0-301F-11D3-BF4B-00C04F79EFBC}") = "Hierarchy_NETFramework", "Hierarchy_NETFramework.csproj", "{1B23B29F-2483-4397-BC23-2CE2ADD1B68A}"
EndProject
Global
	GlobalSection(SolutionConfigurationPlatforms) = preSolution
		Debug|Any CPU = Debug|Any CPU
		Release|Any CPU = Release|Any CPU
	EndGlobalSection
	GlobalSection(ProjectConfigurationPlatforms) = postSolution
		{1B23B29F-2483-4397-BC23-2CE2ADD1B68A}.Debug|Any CPU.ActiveCfg = Debug|Any CPU
		{1B23B29F-2483-4397-BC23-2CE2ADD1B68A}.Debug|Any CPU.Build.0 = Debug|Any CPU
		{1B23B29F-2483-4397-BC23-2CE2ADD1B68A}.Release|Any CPU.ActiveCfg = Release|Any CPU
		{1B23B29F-2483-4397-BC23-2CE2ADD1B68A}.Release|Any CPU.Build.0 = Release|Any CPU
	EndGlobalSection
	GlobalSection(SolutionProperties) = preSolution
		HideSolutionNode = FALSE
	EndGlobalSection
	GlobalSection(ExtensibilityGlobals) = postSolution
		SolutionGuid = {8F6A159C-56AC-469C-9F07-BBD800724271}
	EndGlobalSection
EndGlobal
