
Microsoft Visual Studio Solution File, Format Version 12.00
# Visual Studio Version 17
VisualStudioVersion = 17.13.35919.96 d17.13
MinimumVisualStudioVersion = 10.0.40219.1
Project("{F184B08F-C81C-45F6-A57F-5ABD9991F28F}") = "PixelOperations", "PixelOperations.vbproj", "{EEDD8436-2FF9-5263-1D7A-283EACF4D699}"
EndProject
Global
	GlobalSection(SolutionConfigurationPlatforms) = preSolution
		Debug|Any CPU = Debug|Any CPU
		Release|Any CPU = Release|Any CPU
	EndGlobalSection
	GlobalSection(ProjectConfigurationPlatforms) = postSolution
		{EEDD8436-2FF9-5263-1D7A-283EACF4D699}.Debug|Any CPU.ActiveCfg = Debug|Any CPU
		{EEDD8436-2FF9-5263-1D7A-283EACF4D699}.Debug|Any CPU.Build.0 = Debug|Any CPU
		{EEDD8436-2FF9-5263-1D7A-283EACF4D699}.Release|Any CPU.ActiveCfg = Release|Any CPU
		{EEDD8436-2FF9-5263-1D7A-283EACF4D699}.Release|Any CPU.Build.0 = Release|Any CPU
	EndGlobalSection
	GlobalSection(SolutionProperties) = preSolution
		HideSolutionNode = FALSE
	EndGlobalSection
	GlobalSection(ExtensibilityGlobals) = postSolution
		SolutionGuid = {16F86FBF-A650-47B4-83A5-0EA133FCD58B}
	EndGlobalSection
EndGlobal
