
Microsoft Visual Studio Solution File, Format Version 12.00
# Visual Studio Version 17
VisualStudioVersion = 17.13.35913.81 d17.13
MinimumVisualStudioVersion = 10.0.40219.1
Project("{FAE04EC0-301F-11D3-BF4B-00C04F79EFBC}") = "Buffers1", "Buffers1.csproj", "{291CC2D7-54A0-B3BF-7E94-98A1E60E4503}"
EndProject
Global
	GlobalSection(SolutionConfigurationPlatforms) = preSolution
		Debug|Any CPU = Debug|Any CPU
		Release|Any CPU = Release|Any CPU
	EndGlobalSection
	GlobalSection(ProjectConfigurationPlatforms) = postSolution
		{291CC2D7-54A0-B3BF-7E94-98A1E60E4503}.Debug|Any CPU.ActiveCfg = Debug|Any CPU
		{291CC2D7-54A0-B3BF-7E94-98A1E60E4503}.Debug|Any CPU.Build.0 = Debug|Any CPU
		{291CC2D7-54A0-B3BF-7E94-98A1E60E4503}.Release|Any CPU.ActiveCfg = Release|Any CPU
		{291CC2D7-54A0-B3BF-7E94-98A1E60E4503}.Release|Any CPU.Build.0 = Release|Any CPU
	EndGlobalSection
	GlobalSection(SolutionProperties) = preSolution
		HideSolutionNode = FALSE
	EndGlobalSection
	GlobalSection(ExtensibilityGlobals) = postSolution
		SolutionGuid = {AD548E69-14FA-4C54-BF50-06B412583698}
	EndGlobalSection
EndGlobal
