
Microsoft Visual Studio Solution File, Format Version 12.00
# Visual Studio Version 17
VisualStudioVersion = 17.13.35913.81 d17.13
MinimumVisualStudioVersion = 10.0.40219.1
Project("{FAE04EC0-301F-11D3-BF4B-00C04F79EFBC}") = "Measure", "Measure.csproj", "{5E3415CD-8CD2-39C7-E9D1-F8FF08A69FA5}"
EndProject
Global
	GlobalSection(SolutionConfigurationPlatforms) = preSolution
		Debug|Any CPU = Debug|Any CPU
		Release|Any CPU = Release|Any CPU
	EndGlobalSection
	GlobalSection(ProjectConfigurationPlatforms) = postSolution
		{5E3415CD-8CD2-39C7-E9D1-F8FF08A69FA5}.Debug|Any CPU.ActiveCfg = Debug|Any CPU
		{5E3415CD-8CD2-39C7-E9D1-F8FF08A69FA5}.Debug|Any CPU.Build.0 = Debug|Any CPU
		{5E3415CD-8CD2-39C7-E9D1-F8FF08A69FA5}.Release|Any CPU.ActiveCfg = Release|Any CPU
		{5E3415CD-8CD2-39C7-E9D1-F8FF08A69FA5}.Release|Any CPU.Build.0 = Release|Any CPU
	EndGlobalSection
	GlobalSection(SolutionProperties) = preSolution
		HideSolutionNode = FALSE
	EndGlobalSection
	GlobalSection(ExtensibilityGlobals) = postSolution
		SolutionGuid = {C2DF7FFB-49F6-4283-BA97-F6DDA1535E75}
	EndGlobalSection
EndGlobal
