
Microsoft Visual Studio Solution File, Format Version 12.00
# Visual Studio Version 17
VisualStudioVersion = 17.13.35913.81 d17.13
MinimumVisualStudioVersion = 10.0.40219.1
Project("{FAE04EC0-301F-11D3-BF4B-00C04F79EFBC}") = "Geocoding_NETFramework", "Geocoding_NETFramework.csproj", "{EFF12755-E15A-4493-BBA8-968AEF0929AE}"
EndProject
Global
	GlobalSection(SolutionConfigurationPlatforms) = preSolution
		Debug|Any CPU = Debug|Any CPU
		Release|Any CPU = Release|Any CPU
	EndGlobalSection
	GlobalSection(ProjectConfigurationPlatforms) = postSolution
		{EFF12755-E15A-4493-BBA8-968AEF0929AE}.Debug|Any CPU.ActiveCfg = Debug|Any CPU
		{EFF12755-E15A-4493-BBA8-968AEF0929AE}.Debug|Any CPU.Build.0 = Debug|Any CPU
		{EFF12755-E15A-4493-BBA8-968AEF0929AE}.Release|Any CPU.ActiveCfg = Release|Any CPU
		{EFF12755-E15A-4493-BBA8-968AEF0929AE}.Release|Any CPU.Build.0 = Release|Any CPU
	EndGlobalSection
	GlobalSection(SolutionProperties) = preSolution
		HideSolutionNode = FALSE
	EndGlobalSection
	GlobalSection(ExtensibilityGlobals) = postSolution
		SolutionGuid = {20D922D0-7C14-4803-B2C6-0991902F4D9D}
	EndGlobalSection
EndGlobal
