
Microsoft Visual Studio Solution File, Format Version 12.00
# Visual Studio Version 17
VisualStudioVersion = 17.13.35913.81 d17.13
MinimumVisualStudioVersion = 10.0.40219.1
Project("{FAE04EC0-301F-11D3-BF4B-00C04F79EFBC}") = "SimpleMap", "SimpleMap.csproj", "{5CC25D45-E22C-3084-0123-C9E690DFCC71}"
EndProject
Global
	GlobalSection(SolutionConfigurationPlatforms) = preSolution
		Debug|Any CPU = Debug|Any CPU
		Release|Any CPU = Release|Any CPU
	EndGlobalSection
	GlobalSection(ProjectConfigurationPlatforms) = postSolution
		{5CC25D45-E22C-3084-0123-C9E690DFCC71}.Debug|Any CPU.ActiveCfg = Debug|Any CPU
		{5CC25D45-E22C-3084-0123-C9E690DFCC71}.Debug|Any CPU.Build.0 = Debug|Any CPU
		{5CC25D45-E22C-3084-0123-C9E690DFCC71}.Release|Any CPU.ActiveCfg = Release|Any CPU
		{5CC25D45-E22C-3084-0123-C9E690DFCC71}.Release|Any CPU.Build.0 = Release|Any CPU
	EndGlobalSection
	GlobalSection(SolutionProperties) = preSolution
		HideSolutionNode = FALSE
	EndGlobalSection
	GlobalSection(ExtensibilityGlobals) = postSolution
		SolutionGuid = {DD6757B2-50A6-49C3-A8E6-C4CF91D955CB}
	EndGlobalSection
EndGlobal
