
Microsoft Visual Studio Solution File, Format Version 12.00
# Visual Studio Version 17
VisualStudioVersion = 17.13.35913.81 d17.13
MinimumVisualStudioVersion = 10.0.40219.1
Project("{FAE04EC0-301F-11D3-BF4B-00C04F79EFBC}") = "SimpleMap_NETFramework", "SimpleMap_NETFramework.csproj", "{EBE4B0FC-8F06-614F-F60F-CE373BD34613}"
EndProject
Global
	GlobalSection(SolutionConfigurationPlatforms) = preSolution
		Debug|Any CPU = Debug|Any CPU
		Release|Any CPU = Release|Any CPU
	EndGlobalSection
	GlobalSection(ProjectConfigurationPlatforms) = postSolution
		{EBE4B0FC-8F06-614F-F60F-CE373BD34613}.Debug|Any CPU.ActiveCfg = Debug|Any CPU
		{EBE4B0FC-8F06-614F-F60F-CE373BD34613}.Debug|Any CPU.Build.0 = Debug|Any CPU
		{EBE4B0FC-8F06-614F-F60F-CE373BD34613}.Release|Any CPU.ActiveCfg = Release|Any CPU
		{EBE4B0FC-8F06-614F-F60F-CE373BD34613}.Release|Any CPU.Build.0 = Release|Any CPU
	EndGlobalSection
	GlobalSection(SolutionProperties) = preSolution
		HideSolutionNode = FALSE
	EndGlobalSection
	GlobalSection(ExtensibilityGlobals) = postSolution
		SolutionGuid = {6D7BADE1-CC19-4E9D-8B41-62B644E5420A}
	EndGlobalSection
EndGlobal
