
Microsoft Visual Studio Solution File, Format Version 12.00
# Visual Studio Version 17
VisualStudioVersion = 17.13.35913.81 d17.13
MinimumVisualStudioVersion = 10.0.40219.1
Project("{FAE04EC0-301F-11D3-BF4B-00C04F79EFBC}") = "GridToVector", "GridToVector.csproj", "{1CC52C17-34DF-DC68-FEF4-A26D28B1ACDE}"
EndProject
Global
	GlobalSection(SolutionConfigurationPlatforms) = preSolution
		Debug|Any CPU = Debug|Any CPU
		Release|Any CPU = Release|Any CPU
	EndGlobalSection
	GlobalSection(ProjectConfigurationPlatforms) = postSolution
		{1CC52C17-34DF-DC68-FEF4-A26D28B1ACDE}.Debug|Any CPU.ActiveCfg = Debug|Any CPU
		{1CC52C17-34DF-DC68-FEF4-A26D28B1ACDE}.Debug|Any CPU.Build.0 = Debug|Any CPU
		{1CC52C17-34DF-DC68-FEF4-A26D28B1ACDE}.Release|Any CPU.ActiveCfg = Release|Any CPU
		{1CC52C17-34DF-DC68-FEF4-A26D28B1ACDE}.Release|Any CPU.Build.0 = Release|Any CPU
	EndGlobalSection
	GlobalSection(SolutionProperties) = preSolution
		HideSolutionNode = FALSE
	EndGlobalSection
	GlobalSection(ExtensibilityGlobals) = postSolution
		SolutionGuid = {17D874C9-47F2-4780-9D2A-49D64AE67637}
	EndGlobalSection
EndGlobal
