
Microsoft Visual Studio Solution File, Format Version 12.00
# Visual Studio Version 17
VisualStudioVersion = 17.13.35913.81 d17.13
MinimumVisualStudioVersion = 10.0.40219.1
Project("{FAE04EC0-301F-11D3-BF4B-00C04F79EFBC}") = "OnlineServices", "OnlineServices.csproj", "{6F51EA81-6EB5-3E8E-9DC2-E75FB5CE697E}"
EndProject
Global
	GlobalSection(SolutionConfigurationPlatforms) = preSolution
		Debug|Any CPU = Debug|Any CPU
		Release|Any CPU = Release|Any CPU
	EndGlobalSection
	GlobalSection(ProjectConfigurationPlatforms) = postSolution
		{6F51EA81-6EB5-3E8E-9DC2-E75FB5CE697E}.Debug|Any CPU.ActiveCfg = Debug|Any CPU
		{6F51EA81-6EB5-3E8E-9DC2-E75FB5CE697E}.Debug|Any CPU.Build.0 = Debug|Any CPU
		{6F51EA81-6EB5-3E8E-9DC2-E75FB5CE697E}.Release|Any CPU.ActiveCfg = Release|Any CPU
		{6F51EA81-6EB5-3E8E-9DC2-E75FB5CE697E}.Release|Any CPU.Build.0 = Release|Any CPU
	EndGlobalSection
	GlobalSection(SolutionProperties) = preSolution
		HideSolutionNode = FALSE
	EndGlobalSection
	GlobalSection(ExtensibilityGlobals) = postSolution
		SolutionGuid = {42364FAC-1DE5-40E4-A633-86F279E65C4C}
	EndGlobalSection
EndGlobal
