
Microsoft Visual Studio Solution File, Format Version 12.00
# Visual Studio Version 17
VisualStudioVersion = 17.13.35913.81 d17.13
MinimumVisualStudioVersion = 10.0.40219.1
Project("{FAE04EC0-301F-11D3-BF4B-00C04F79EFBC}") = "Interpolation", "Interpolation.csproj", "{23D54AF2-C80A-5CB0-FC17-E679A314A37D}"
EndProject
Global
	GlobalSection(SolutionConfigurationPlatforms) = preSolution
		Debug|Any CPU = Debug|Any CPU
		Release|Any CPU = Release|Any CPU
	EndGlobalSection
	GlobalSection(ProjectConfigurationPlatforms) = postSolution
		{23D54AF2-C80A-5CB0-FC17-E679A314A37D}.Debug|Any CPU.ActiveCfg = Debug|Any CPU
		{23D54AF2-C80A-5CB0-FC17-E679A314A37D}.Debug|Any CPU.Build.0 = Debug|Any CPU
		{23D54AF2-C80A-5CB0-FC17-E679A314A37D}.Release|Any CPU.ActiveCfg = Release|Any CPU
		{23D54AF2-C80A-5CB0-FC17-E679A314A37D}.Release|Any CPU.Build.0 = Release|Any CPU
	EndGlobalSection
	GlobalSection(SolutionProperties) = preSolution
		HideSolutionNode = FALSE
	EndGlobalSection
	GlobalSection(ExtensibilityGlobals) = postSolution
		SolutionGuid = {2C3F503E-46FA-4C45-8E38-50F74F4AA69D}
	EndGlobalSection
EndGlobal
