
Microsoft Visual Studio Solution File, Format Version 12.00
# Visual Studio Version 17
VisualStudioVersion = 17.13.35913.81 d17.13
MinimumVisualStudioVersion = 10.0.40219.1
Project("{FAE04EC0-301F-11D3-BF4B-00C04F79EFBC}") = "DragLabel_NETFramework", "DragLabel_NETFramework.csproj", "{69292325-1C08-414E-A317-02508F24ED92}"
EndProject
Global
	GlobalSection(SolutionConfigurationPlatforms) = preSolution
		Debug|Any CPU = Debug|Any CPU
		Release|Any CPU = Release|Any CPU
	EndGlobalSection
	GlobalSection(ProjectConfigurationPlatforms) = postSolution
		{69292325-1C08-414E-A317-02508F24ED92}.Debug|Any CPU.ActiveCfg = Debug|Any CPU
		{69292325-1C08-414E-A317-02508F24ED92}.Debug|Any CPU.Build.0 = Debug|Any CPU
		{69292325-1C08-414E-A317-02508F24ED92}.Release|Any CPU.ActiveCfg = Release|Any CPU
		{69292325-1C08-414E-A317-02508F24ED92}.Release|Any CPU.Build.0 = Release|Any CPU
	EndGlobalSection
	GlobalSection(SolutionProperties) = preSolution
		HideSolutionNode = FALSE
	EndGlobalSection
	GlobalSection(ExtensibilityGlobals) = postSolution
		SolutionGuid = {EF6129DA-7ADB-47D1-981B-312CC2C40971}
	EndGlobalSection
EndGlobal
