
Microsoft Visual Studio Solution File, Format Version 12.00
# Visual Studio Version 17
VisualStudioVersion = 17.13.35919.96 d17.13
MinimumVisualStudioVersion = 10.0.40219.1
Project("{F184B08F-C81C-45F6-A57F-5ABD9991F28F}") = "ShapeOperations_NETFramework", "ShapeOperations_NETFramework.vbproj", "{5E9591EA-A259-4B56-9E47-2B7FDF6B8AC7}"
EndProject
Global
	GlobalSection(SolutionConfigurationPlatforms) = preSolution
		Debug|Any CPU = Debug|Any CPU
		Release|Any CPU = Release|Any CPU
	EndGlobalSection
	GlobalSection(ProjectConfigurationPlatforms) = postSolution
		{5E9591EA-A259-4B56-9E47-2B7FDF6B8AC7}.Debug|Any CPU.ActiveCfg = Debug|Any CPU
		{5E9591EA-A259-4B56-9E47-2B7FDF6B8AC7}.Debug|Any CPU.Build.0 = Debug|Any CPU
		{5E9591EA-A259-4B56-9E47-2B7FDF6B8AC7}.Release|Any CPU.ActiveCfg = Release|Any CPU
		{5E9591EA-A259-4B56-9E47-2B7FDF6B8AC7}.Release|Any CPU.Build.0 = Release|Any CPU
	EndGlobalSection
	GlobalSection(SolutionProperties) = preSolution
		HideSolutionNode = FALSE
	EndGlobalSection
	GlobalSection(ExtensibilityGlobals) = postSolution
		SolutionGuid = {3E27D5F1-2650-4616-A858-A9694E0318E0}
	EndGlobalSection
EndGlobal
