
Microsoft Visual Studio Solution File, Format Version 12.00
# Visual Studio Version 17
VisualStudioVersion = 17.13.35919.96 d17.13
MinimumVisualStudioVersion = 10.0.40219.1
Project("{F184B08F-C81C-45F6-A57F-5ABD9991F28F}") = "Legend_NETFramework", "Legend_NETFramework.vbproj", "{D4AA93D7-8B80-4EFE-AA2A-B5971DF4EC31}"
EndProject
Global
	GlobalSection(SolutionConfigurationPlatforms) = preSolution
		Debug|Any CPU = Debug|Any CPU
		Release|Any CPU = Release|Any CPU
	EndGlobalSection
	GlobalSection(ProjectConfigurationPlatforms) = postSolution
		{D4AA93D7-8B80-4EFE-AA2A-B5971DF4EC31}.Debug|Any CPU.ActiveCfg = Debug|Any CPU
		{D4AA93D7-8B80-4EFE-AA2A-B5971DF4EC31}.Debug|Any CPU.Build.0 = Debug|Any CPU
		{D4AA93D7-8B80-4EFE-AA2A-B5971DF4EC31}.Release|Any CPU.ActiveCfg = Release|Any CPU
		{D4AA93D7-8B80-4EFE-AA2A-B5971DF4EC31}.Release|Any CPU.Build.0 = Release|Any CPU
	EndGlobalSection
	GlobalSection(SolutionProperties) = preSolution
		HideSolutionNode = FALSE
	EndGlobalSection
	GlobalSection(ExtensibilityGlobals) = postSolution
		SolutionGuid = {F3FF8822-D650-4C0D-B8ED-F9471510B579}
	EndGlobalSection
EndGlobal
