
Microsoft Visual Studio Solution File, Format Version 12.00
# Visual Studio Version 17
VisualStudioVersion = 17.13.35919.96 d17.13
MinimumVisualStudioVersion = 10.0.40219.1
Project("{F184B08F-C81C-45F6-A57F-5ABD9991F28F}") = "SimpleEdit", "SimpleEdit.vbproj", "{C42358B4-4EC8-D8E1-D25A-3A90511DCDC3}"
EndProject
Global
	GlobalSection(SolutionConfigurationPlatforms) = preSolution
		Debug|Any CPU = Debug|Any CPU
		Release|Any CPU = Release|Any CPU
	EndGlobalSection
	GlobalSection(ProjectConfigurationPlatforms) = postSolution
		{C42358B4-4EC8-D8E1-D25A-3A90511DCDC3}.Debug|Any CPU.ActiveCfg = Debug|Any CPU
		{C42358B4-4EC8-D8E1-D25A-3A90511DCDC3}.Debug|Any CPU.Build.0 = Debug|Any CPU
		{C42358B4-4EC8-D8E1-D25A-3A90511DCDC3}.Release|Any CPU.ActiveCfg = Release|Any CPU
		{C42358B4-4EC8-D8E1-D25A-3A90511DCDC3}.Release|Any CPU.Build.0 = Release|Any CPU
	EndGlobalSection
	GlobalSection(SolutionProperties) = preSolution
		HideSolutionNode = FALSE
	EndGlobalSection
	GlobalSection(ExtensibilityGlobals) = postSolution
		SolutionGuid = {5B5520E4-AF6D-44E0-93B2-97E34AB7DAB6}
	EndGlobalSection
EndGlobal
