
Microsoft Visual Studio Solution File, Format Version 12.00
# Visual Studio Version 17
VisualStudioVersion = 17.13.35913.81 d17.13
MinimumVisualStudioVersion = 10.0.40219.1
Project("{FAE04EC0-301F-11D3-BF4B-00C04F79EFBC}") = "JoinAndRender_NETFramework", "JoinAndRender_NETFramework.csproj", "{E6E7B0CF-645C-42C9-8B28-08BAC83B5E15}"
EndProject
Global
	GlobalSection(SolutionConfigurationPlatforms) = preSolution
		Debug|Any CPU = Debug|Any CPU
		Release|Any CPU = Release|Any CPU
	EndGlobalSection
	GlobalSection(ProjectConfigurationPlatforms) = postSolution
		{E6E7B0CF-645C-42C9-8B28-08BAC83B5E15}.Debug|Any CPU.ActiveCfg = Debug|Any CPU
		{E6E7B0CF-645C-42C9-8B28-08BAC83B5E15}.Debug|Any CPU.Build.0 = Debug|Any CPU
		{E6E7B0CF-645C-42C9-8B28-08BAC83B5E15}.Release|Any CPU.ActiveCfg = Release|Any CPU
		{E6E7B0CF-645C-42C9-8B28-08BAC83B5E15}.Release|Any CPU.Build.0 = Release|Any CPU
	EndGlobalSection
	GlobalSection(SolutionProperties) = preSolution
		HideSolutionNode = FALSE
	EndGlobalSection
	GlobalSection(ExtensibilityGlobals) = postSolution
		SolutionGuid = {3B68B9F6-6CB3-4F2F-B629-756FB291942A}
	EndGlobalSection
EndGlobal
