
Microsoft Visual Studio Solution File, Format Version 12.00
# Visual Studio Version 17
VisualStudioVersion = 17.13.35919.96 d17.13
MinimumVisualStudioVersion = 10.0.40219.1
Project("{F184B08F-C81C-45F6-A57F-5ABD9991F28F}") = "Rotation", "Rotation.vbproj", "{C783F7D5-8430-FBA8-B629-AFEC6C3EAD28}"
EndProject
Global
	GlobalSection(SolutionConfigurationPlatforms) = preSolution
		Debug|Any CPU = Debug|Any CPU
		Release|Any CPU = Release|Any CPU
	EndGlobalSection
	GlobalSection(ProjectConfigurationPlatforms) = postSolution
		{C783F7D5-8430-FBA8-B629-AFEC6C3EAD28}.Debug|Any CPU.ActiveCfg = Debug|Any CPU
		{C783F7D5-8430-FBA8-B629-AFEC6C3EAD28}.Debug|Any CPU.Build.0 = Debug|Any CPU
		{C783F7D5-8430-FBA8-B629-AFEC6C3EAD28}.Release|Any CPU.ActiveCfg = Release|Any CPU
		{C783F7D5-8430-FBA8-B629-AFEC6C3EAD28}.Release|Any CPU.Build.0 = Release|Any CPU
	EndGlobalSection
	GlobalSection(SolutionProperties) = preSolution
		HideSolutionNode = FALSE
	EndGlobalSection
	GlobalSection(ExtensibilityGlobals) = postSolution
		SolutionGuid = {82010C10-044C-4717-ABB9-24553F975B53}
	EndGlobalSection
EndGlobal
