
Microsoft Visual Studio Solution File, Format Version 12.00
# Visual Studio Version 17
VisualStudioVersion = 17.13.35913.81 d17.13
MinimumVisualStudioVersion = 10.0.40219.1
Project("{FAE04EC0-301F-11D3-BF4B-00C04F79EFBC}") = "PaintLabel_NETFramework", "PaintLabel_NETFramework.csproj", "{41DD947D-61CA-47FA-B494-A6F959A55331}"
EndProject
Global
	GlobalSection(SolutionConfigurationPlatforms) = preSolution
		Debug|Any CPU = Debug|Any CPU
		Release|Any CPU = Release|Any CPU
	EndGlobalSection
	GlobalSection(ProjectConfigurationPlatforms) = postSolution
		{41DD947D-61CA-47FA-B494-A6F959A55331}.Debug|Any CPU.ActiveCfg = Debug|Any CPU
		{41DD947D-61CA-47FA-B494-A6F959A55331}.Debug|Any CPU.Build.0 = Debug|Any CPU
		{41DD947D-61CA-47FA-B494-A6F959A55331}.Release|Any CPU.ActiveCfg = Release|Any CPU
		{41DD947D-61CA-47FA-B494-A6F959A55331}.Release|Any CPU.Build.0 = Release|Any CPU
	EndGlobalSection
	GlobalSection(SolutionProperties) = preSolution
		HideSolutionNode = FALSE
	EndGlobalSection
	GlobalSection(ExtensibilityGlobals) = postSolution
		SolutionGuid = {0566BE77-1F42-4CD2-A358-7B093D7C73F5}
	EndGlobalSection
EndGlobal
