
Microsoft Visual Studio Solution File, Format Version 12.00
# Visual Studio Version 17
VisualStudioVersion = 17.13.35913.81 d17.13
MinimumVisualStudioVersion = 10.0.40219.1
Project("{FAE04EC0-301F-11D3-BF4B-00C04F79EFBC}") = "PixelLocate", "PixelLocate.csproj", "{FAB400AA-B455-F8EE-0D98-5D2A01218A1C}"
EndProject
Global
	GlobalSection(SolutionConfigurationPlatforms) = preSolution
		Debug|Any CPU = Debug|Any CPU
		Release|Any CPU = Release|Any CPU
	EndGlobalSection
	GlobalSection(ProjectConfigurationPlatforms) = postSolution
		{FAB400AA-B455-F8EE-0D98-5D2A01218A1C}.Debug|Any CPU.ActiveCfg = Debug|Any CPU
		{FAB400AA-B455-F8EE-0D98-5D2A01218A1C}.Debug|Any CPU.Build.0 = Debug|Any CPU
		{FAB400AA-B455-F8EE-0D98-5D2A01218A1C}.Release|Any CPU.ActiveCfg = Release|Any CPU
		{FAB400AA-B455-F8EE-0D98-5D2A01218A1C}.Release|Any CPU.Build.0 = Release|Any CPU
	EndGlobalSection
	GlobalSection(SolutionProperties) = preSolution
		HideSolutionNode = FALSE
	EndGlobalSection
	GlobalSection(ExtensibilityGlobals) = postSolution
		SolutionGuid = {115906B2-0933-4137-A618-BF16D99FADD8}
	EndGlobalSection
EndGlobal
