
Microsoft Visual Studio Solution File, Format Version 12.00
# Visual Studio Version 17
VisualStudioVersion = 17.13.35913.81 d17.13
MinimumVisualStudioVersion = 10.0.40219.1
Project("{FAE04EC0-301F-11D3-BF4B-00C04F79EFBC}") = "TemplatePrint", "TemplatePrint.csproj", "{43D487E9-1C48-4C15-54A2-E7FA9B5A6821}"
EndProject
Global
	GlobalSection(SolutionConfigurationPlatforms) = preSolution
		Debug|Any CPU = Debug|Any CPU
		Release|Any CPU = Release|Any CPU
	EndGlobalSection
	GlobalSection(ProjectConfigurationPlatforms) = postSolution
		{43D487E9-1C48-4C15-54A2-E7FA9B5A6821}.Debug|Any CPU.ActiveCfg = Debug|Any CPU
		{43D487E9-1C48-4C15-54A2-E7FA9B5A6821}.Debug|Any CPU.Build.0 = Debug|Any CPU
		{43D487E9-1C48-4C15-54A2-E7FA9B5A6821}.Release|Any CPU.ActiveCfg = Release|Any CPU
		{43D487E9-1C48-4C15-54A2-E7FA9B5A6821}.Release|Any CPU.Build.0 = Release|Any CPU
	EndGlobalSection
	GlobalSection(SolutionProperties) = preSolution
		HideSolutionNode = FALSE
	EndGlobalSection
	GlobalSection(ExtensibilityGlobals) = postSolution
		SolutionGuid = {BBD0707F-3785-48BD-B59B-A6C58AC1311E}
	EndGlobalSection
EndGlobal
