
Microsoft Visual Studio Solution File, Format Version 12.00
# Visual Studio Version 17
VisualStudioVersion = 17.14.36908.2 d17.14
MinimumVisualStudioVersion = 10.0.40219.1
Project("{FAE04EC0-301F-11D3-BF4B-00C04F79EFBC}") = "ViewerLite", "ViewerLite.csproj", "{CBD7E0EE-200C-660D-F371-A5AFC5D6C5FA}"
EndProject
Global
	GlobalSection(SolutionConfigurationPlatforms) = preSolution
		Debug|Any CPU = Debug|Any CPU
		Release|Any CPU = Release|Any CPU
	EndGlobalSection
	GlobalSection(ProjectConfigurationPlatforms) = postSolution
		{CBD7E0EE-200C-660D-F371-A5AFC5D6C5FA}.Debug|Any CPU.ActiveCfg = Debug|Any CPU
		{CBD7E0EE-200C-660D-F371-A5AFC5D6C5FA}.Debug|Any CPU.Build.0 = Debug|Any CPU
		{CBD7E0EE-200C-660D-F371-A5AFC5D6C5FA}.Debug|Any CPU.Deploy.0 = Debug|Any CPU
		{CBD7E0EE-200C-660D-F371-A5AFC5D6C5FA}.Release|Any CPU.ActiveCfg = Release|Any CPU
		{CBD7E0EE-200C-660D-F371-A5AFC5D6C5FA}.Release|Any CPU.Build.0 = Release|Any CPU
	EndGlobalSection
	GlobalSection(SolutionProperties) = preSolution
		HideSolutionNode = FALSE
	EndGlobalSection
	GlobalSection(ExtensibilityGlobals) = postSolution
		SolutionGuid = {963D1293-4771-492F-87E6-FE3482E5DE6A}
	EndGlobalSection
EndGlobal
