
Microsoft Visual Studio Solution File, Format Version 12.00
# Visual Studio Version 17
VisualStudioVersion = 17.13.35919.96 d17.13
MinimumVisualStudioVersion = 10.0.40219.1
Project("{F184B08F-C81C-45F6-A57F-5ABD9991F28F}") = "Interpolation", "Interpolation.vbproj", "{F29F3942-36DC-7B74-6AC9-F744745BE279}"
EndProject
Global
	GlobalSection(SolutionConfigurationPlatforms) = preSolution
		Debug|Any CPU = Debug|Any CPU
		Release|Any CPU = Release|Any CPU
	EndGlobalSection
	GlobalSection(ProjectConfigurationPlatforms) = postSolution
		{F29F3942-36DC-7B74-6AC9-F744745BE279}.Debug|Any CPU.ActiveCfg = Debug|Any CPU
		{F29F3942-36DC-7B74-6AC9-F744745BE279}.Debug|Any CPU.Build.0 = Debug|Any CPU
		{F29F3942-36DC-7B74-6AC9-F744745BE279}.Release|Any CPU.ActiveCfg = Release|Any CPU
		{F29F3942-36DC-7B74-6AC9-F744745BE279}.Release|Any CPU.Build.0 = Release|Any CPU
	EndGlobalSection
	GlobalSection(SolutionProperties) = preSolution
		HideSolutionNode = FALSE
	EndGlobalSection
	GlobalSection(ExtensibilityGlobals) = postSolution
		SolutionGuid = {AF2811E2-7B74-4B4F-95F2-A85DFEE70215}
	EndGlobalSection
EndGlobal
