
Microsoft Visual Studio Solution File, Format Version 12.00
# Visual Studio Version 17
VisualStudioVersion = 17.13.35913.81 d17.13
MinimumVisualStudioVersion = 10.0.40219.1
Project("{FAE04EC0-301F-11D3-BF4B-00C04F79EFBC}") = "SplitbyArc_NETFramework", "SplitbyArc_NETFramework.csproj", "{CDDBE839-1123-4F7A-AA0C-8E9D8ED0A337}"
EndProject
Global
	GlobalSection(SolutionConfigurationPlatforms) = preSolution
		Debug|Any CPU = Debug|Any CPU
		Release|Any CPU = Release|Any CPU
	EndGlobalSection
	GlobalSection(ProjectConfigurationPlatforms) = postSolution
		{CDDBE839-1123-4F7A-AA0C-8E9D8ED0A337}.Debug|Any CPU.ActiveCfg = Debug|Any CPU
		{CDDBE839-1123-4F7A-AA0C-8E9D8ED0A337}.Debug|Any CPU.Build.0 = Debug|Any CPU
		{CDDBE839-1123-4F7A-AA0C-8E9D8ED0A337}.Release|Any CPU.ActiveCfg = Release|Any CPU
		{CDDBE839-1123-4F7A-AA0C-8E9D8ED0A337}.Release|Any CPU.Build.0 = Release|Any CPU
	EndGlobalSection
	GlobalSection(SolutionProperties) = preSolution
		HideSolutionNode = FALSE
	EndGlobalSection
	GlobalSection(ExtensibilityGlobals) = postSolution
		SolutionGuid = {EF7C9918-CF0D-4199-BE0E-66C97AECD4F4}
	EndGlobalSection
EndGlobal
