
Microsoft Visual Studio Solution File, Format Version 12.00
# Visual Studio Version 17
VisualStudioVersion = 17.13.35913.81 d17.13
MinimumVisualStudioVersion = 10.0.40219.1
Project("{FAE04EC0-301F-11D3-BF4B-00C04F79EFBC}") = "BitmapFill_NETFramework", "BitmapFill_NETFramework.csproj", "{15F0EF38-8B17-4EC5-9D7E-40FF0BF85ED7}"
EndProject
Global
	GlobalSection(SolutionConfigurationPlatforms) = preSolution
		Debug|Any CPU = Debug|Any CPU
		Release|Any CPU = Release|Any CPU
	EndGlobalSection
	GlobalSection(ProjectConfigurationPlatforms) = postSolution
		{15F0EF38-8B17-4EC5-9D7E-40FF0BF85ED7}.Debug|Any CPU.ActiveCfg = Debug|Any CPU
		{15F0EF38-8B17-4EC5-9D7E-40FF0BF85ED7}.Debug|Any CPU.Build.0 = Debug|Any CPU
		{15F0EF38-8B17-4EC5-9D7E-40FF0BF85ED7}.Release|Any CPU.ActiveCfg = Release|Any CPU
		{15F0EF38-8B17-4EC5-9D7E-40FF0BF85ED7}.Release|Any CPU.Build.0 = Release|Any CPU
	EndGlobalSection
	GlobalSection(SolutionProperties) = preSolution
		HideSolutionNode = FALSE
	EndGlobalSection
	GlobalSection(ExtensibilityGlobals) = postSolution
		SolutionGuid = {F06CB7BF-0FB5-4229-9EDA-A0DCC17A9D72}
	EndGlobalSection
EndGlobal
