
Microsoft Visual Studio Solution File, Format Version 12.00
# Visual Studio Version 17
VisualStudioVersion = 17.13.35913.81 d17.13
MinimumVisualStudioVersion = 10.0.40219.1
Project("{FAE04EC0-301F-11D3-BF4B-00C04F79EFBC}") = "MiniMap_NETFramework", "MiniMap_NETFramework.csproj", "{C2963DD3-08B9-4E20-99D4-136D1B6C4FCA}"
EndProject
Global
	GlobalSection(SolutionConfigurationPlatforms) = preSolution
		Debug|Any CPU = Debug|Any CPU
		Release|Any CPU = Release|Any CPU
	EndGlobalSection
	GlobalSection(ProjectConfigurationPlatforms) = postSolution
		{C2963DD3-08B9-4E20-99D4-136D1B6C4FCA}.Debug|Any CPU.ActiveCfg = Debug|Any CPU
		{C2963DD3-08B9-4E20-99D4-136D1B6C4FCA}.Debug|Any CPU.Build.0 = Debug|Any CPU
		{C2963DD3-08B9-4E20-99D4-136D1B6C4FCA}.Release|Any CPU.ActiveCfg = Release|Any CPU
		{C2963DD3-08B9-4E20-99D4-136D1B6C4FCA}.Release|Any CPU.Build.0 = Release|Any CPU
	EndGlobalSection
	GlobalSection(SolutionProperties) = preSolution
		HideSolutionNode = FALSE
	EndGlobalSection
	GlobalSection(ExtensibilityGlobals) = postSolution
		SolutionGuid = {AB7E14D8-5F17-4D26-986A-965D480C96BA}
	EndGlobalSection
EndGlobal
