
Microsoft Visual Studio Solution File, Format Version 12.00
# Visual Studio Version 17
VisualStudioVersion = 17.13.35913.81 d17.13
MinimumVisualStudioVersion = 10.0.40219.1
Project("{FAE04EC0-301F-11D3-BF4B-00C04F79EFBC}") = "Languages_NETFramework", "Languages_NETFramework.csproj", "{9CCE759D-4D3E-4543-AE31-0E24B6B546C9}"
EndProject
Global
	GlobalSection(SolutionConfigurationPlatforms) = preSolution
		Debug|Any CPU = Debug|Any CPU
		Release|Any CPU = Release|Any CPU
	EndGlobalSection
	GlobalSection(ProjectConfigurationPlatforms) = postSolution
		{9CCE759D-4D3E-4543-AE31-0E24B6B546C9}.Debug|Any CPU.ActiveCfg = Debug|Any CPU
		{9CCE759D-4D3E-4543-AE31-0E24B6B546C9}.Debug|Any CPU.Build.0 = Debug|Any CPU
		{9CCE759D-4D3E-4543-AE31-0E24B6B546C9}.Release|Any CPU.ActiveCfg = Release|Any CPU
		{9CCE759D-4D3E-4543-AE31-0E24B6B546C9}.Release|Any CPU.Build.0 = Release|Any CPU
	EndGlobalSection
	GlobalSection(SolutionProperties) = preSolution
		HideSolutionNode = FALSE
	EndGlobalSection
	GlobalSection(ExtensibilityGlobals) = postSolution
		SolutionGuid = {6993875F-345B-4754-9680-B2F81A0B9AB7}
	EndGlobalSection
EndGlobal
