
Microsoft Visual Studio Solution File, Format Version 12.00
# Visual Studio Version 17
VisualStudioVersion = 17.13.35919.96 d17.13
MinimumVisualStudioVersion = 10.0.40219.1
Project("{F184B08F-C81C-45F6-A57F-5ABD9991F28F}") = "CuttingPolygon_NETFramework", "CuttingPolygon_NETFramework.vbproj", "{69CB81A6-F1FB-4EBD-8B59-AE0A3681922B}"
EndProject
Global
	GlobalSection(SolutionConfigurationPlatforms) = preSolution
		Debug|Any CPU = Debug|Any CPU
		Release|Any CPU = Release|Any CPU
	EndGlobalSection
	GlobalSection(ProjectConfigurationPlatforms) = postSolution
		{69CB81A6-F1FB-4EBD-8B59-AE0A3681922B}.Debug|Any CPU.ActiveCfg = Debug|Any CPU
		{69CB81A6-F1FB-4EBD-8B59-AE0A3681922B}.Debug|Any CPU.Build.0 = Debug|Any CPU
		{69CB81A6-F1FB-4EBD-8B59-AE0A3681922B}.Release|Any CPU.ActiveCfg = Release|Any CPU
		{69CB81A6-F1FB-4EBD-8B59-AE0A3681922B}.Release|Any CPU.Build.0 = Release|Any CPU
	EndGlobalSection
	GlobalSection(SolutionProperties) = preSolution
		HideSolutionNode = FALSE
	EndGlobalSection
	GlobalSection(ExtensibilityGlobals) = postSolution
		SolutionGuid = {C51233CD-6BF0-468F-961B-BA79ACC29240}
	EndGlobalSection
EndGlobal
