
Microsoft Visual Studio Solution File, Format Version 12.00
# Visual Studio Version 17
VisualStudioVersion = 17.13.35913.81 d17.13
MinimumVisualStudioVersion = 10.0.40219.1
Project("{FAE04EC0-301F-11D3-BF4B-00C04F79EFBC}") = "Rotation_NETFramework", "Rotation_NETFramework.csproj", "{C853EAA1-DBAE-4748-BE1F-CC0BE3ADAA6B}"
EndProject
Global
	GlobalSection(SolutionConfigurationPlatforms) = preSolution
		Debug|Any CPU = Debug|Any CPU
		Release|Any CPU = Release|Any CPU
	EndGlobalSection
	GlobalSection(ProjectConfigurationPlatforms) = postSolution
		{C853EAA1-DBAE-4748-BE1F-CC0BE3ADAA6B}.Debug|Any CPU.ActiveCfg = Debug|Any CPU
		{C853EAA1-DBAE-4748-BE1F-CC0BE3ADAA6B}.Debug|Any CPU.Build.0 = Debug|Any CPU
		{C853EAA1-DBAE-4748-BE1F-CC0BE3ADAA6B}.Release|Any CPU.ActiveCfg = Release|Any CPU
		{C853EAA1-DBAE-4748-BE1F-CC0BE3ADAA6B}.Release|Any CPU.Build.0 = Release|Any CPU
	EndGlobalSection
	GlobalSection(SolutionProperties) = preSolution
		HideSolutionNode = FALSE
	EndGlobalSection
	GlobalSection(ExtensibilityGlobals) = postSolution
		SolutionGuid = {283342DF-D75C-49C8-B108-590FC1ECF771}
	EndGlobalSection
EndGlobal
