
Microsoft Visual Studio Solution File, Format Version 12.00
# Visual Studio Version 17
VisualStudioVersion = 17.13.35913.81 d17.13
MinimumVisualStudioVersion = 10.0.40219.1
Project("{FAE04EC0-301F-11D3-BF4B-00C04F79EFBC}") = "DemOperations", "DemOperations.csproj", "{5FB119F2-1469-EE56-DC71-AED505185DFA}"
EndProject
Global
	GlobalSection(SolutionConfigurationPlatforms) = preSolution
		Debug|Any CPU = Debug|Any CPU
		Release|Any CPU = Release|Any CPU
	EndGlobalSection
	GlobalSection(ProjectConfigurationPlatforms) = postSolution
		{5FB119F2-1469-EE56-DC71-AED505185DFA}.Debug|Any CPU.ActiveCfg = Debug|Any CPU
		{5FB119F2-1469-EE56-DC71-AED505185DFA}.Debug|Any CPU.Build.0 = Debug|Any CPU
		{5FB119F2-1469-EE56-DC71-AED505185DFA}.Release|Any CPU.ActiveCfg = Release|Any CPU
		{5FB119F2-1469-EE56-DC71-AED505185DFA}.Release|Any CPU.Build.0 = Release|Any CPU
	EndGlobalSection
	GlobalSection(SolutionProperties) = preSolution
		HideSolutionNode = FALSE
	EndGlobalSection
	GlobalSection(ExtensibilityGlobals) = postSolution
		SolutionGuid = {DF1D5AD5-EF17-4A2F-B144-EAA387AA5375}
	EndGlobalSection
EndGlobal
