
Microsoft Visual Studio Solution File, Format Version 12.00
# Visual Studio Version 17
VisualStudioVersion = 17.13.35919.96 d17.13
MinimumVisualStudioVersion = 10.0.40219.1
Project("{F184B08F-C81C-45F6-A57F-5ABD9991F28F}") = "PixelLocate_NETFramework", "PixelLocate_NETFramework.vbproj", "{52BB9820-7A59-428B-95DC-2B887D1008DB}"
EndProject
Global
	GlobalSection(SolutionConfigurationPlatforms) = preSolution
		Debug|Any CPU = Debug|Any CPU
		Release|Any CPU = Release|Any CPU
	EndGlobalSection
	GlobalSection(ProjectConfigurationPlatforms) = postSolution
		{52BB9820-7A59-428B-95DC-2B887D1008DB}.Debug|Any CPU.ActiveCfg = Debug|Any CPU
		{52BB9820-7A59-428B-95DC-2B887D1008DB}.Debug|Any CPU.Build.0 = Debug|Any CPU
		{52BB9820-7A59-428B-95DC-2B887D1008DB}.Release|Any CPU.ActiveCfg = Release|Any CPU
		{52BB9820-7A59-428B-95DC-2B887D1008DB}.Release|Any CPU.Build.0 = Release|Any CPU
	EndGlobalSection
	GlobalSection(SolutionProperties) = preSolution
		HideSolutionNode = FALSE
	EndGlobalSection
	GlobalSection(ExtensibilityGlobals) = postSolution
		SolutionGuid = {A9FDEBC8-84CC-4A08-9E76-E8DC3CD670D5}
	EndGlobalSection
EndGlobal
