
Microsoft Visual Studio Solution File, Format Version 12.00
# Visual Studio Version 17
VisualStudioVersion = 17.13.35913.81 d17.13
MinimumVisualStudioVersion = 10.0.40219.1
Project("{FAE04EC0-301F-11D3-BF4B-00C04F79EFBC}") = "InMemory", "InMemory.csproj", "{046AE8B1-6D3B-6ABB-690D-F8EDE8AC790A}"
EndProject
Global
	GlobalSection(SolutionConfigurationPlatforms) = preSolution
		Debug|Any CPU = Debug|Any CPU
		Release|Any CPU = Release|Any CPU
	EndGlobalSection
	GlobalSection(ProjectConfigurationPlatforms) = postSolution
		{046AE8B1-6D3B-6ABB-690D-F8EDE8AC790A}.Debug|Any CPU.ActiveCfg = Debug|Any CPU
		{046AE8B1-6D3B-6ABB-690D-F8EDE8AC790A}.Debug|Any CPU.Build.0 = Debug|Any CPU
		{046AE8B1-6D3B-6ABB-690D-F8EDE8AC790A}.Release|Any CPU.ActiveCfg = Release|Any CPU
		{046AE8B1-6D3B-6ABB-690D-F8EDE8AC790A}.Release|Any CPU.Build.0 = Release|Any CPU
	EndGlobalSection
	GlobalSection(SolutionProperties) = preSolution
		HideSolutionNode = FALSE
	EndGlobalSection
	GlobalSection(ExtensibilityGlobals) = postSolution
		SolutionGuid = {0F1E7C6E-B664-4E89-B216-DB046C329373}
	EndGlobalSection
EndGlobal
