
Microsoft Visual Studio Solution File, Format Version 12.00
# Visual Studio Version 17
VisualStudioVersion = 17.13.35919.96 d17.13
MinimumVisualStudioVersion = 10.0.40219.1
Project("{F184B08F-C81C-45F6-A57F-5ABD9991F28F}") = "Locate_NETFramework", "Locate_NETFramework.vbproj", "{1C59C792-025B-4E01-AA04-443ECDD06D2D}"
EndProject
Global
	GlobalSection(SolutionConfigurationPlatforms) = preSolution
		Debug|Any CPU = Debug|Any CPU
		Release|Any CPU = Release|Any CPU
	EndGlobalSection
	GlobalSection(ProjectConfigurationPlatforms) = postSolution
		{1C59C792-025B-4E01-AA04-443ECDD06D2D}.Debug|Any CPU.ActiveCfg = Debug|Any CPU
		{1C59C792-025B-4E01-AA04-443ECDD06D2D}.Debug|Any CPU.Build.0 = Debug|Any CPU
		{1C59C792-025B-4E01-AA04-443ECDD06D2D}.Release|Any CPU.ActiveCfg = Release|Any CPU
		{1C59C792-025B-4E01-AA04-443ECDD06D2D}.Release|Any CPU.Build.0 = Release|Any CPU
	EndGlobalSection
	GlobalSection(SolutionProperties) = preSolution
		HideSolutionNode = FALSE
	EndGlobalSection
	GlobalSection(ExtensibilityGlobals) = postSolution
		SolutionGuid = {FADD0F13-EF19-4717-8646-DBD0D2E401B4}
	EndGlobalSection
EndGlobal
