
Microsoft Visual Studio Solution File, Format Version 12.00
# Visual Studio Version 17
VisualStudioVersion = 17.13.35913.81 d17.13
MinimumVisualStudioVersion = 10.0.40219.1
Project("{FAE04EC0-301F-11D3-BF4B-00C04F79EFBC}") = "Projections_NETFramework", "Projections_NETFramework.csproj", "{51905A54-AD9B-4843-800B-427658EB1136}"
EndProject
Global
	GlobalSection(SolutionConfigurationPlatforms) = preSolution
		Debug|Any CPU = Debug|Any CPU
		Release|Any CPU = Release|Any CPU
	EndGlobalSection
	GlobalSection(ProjectConfigurationPlatforms) = postSolution
		{51905A54-AD9B-4843-800B-427658EB1136}.Debug|Any CPU.ActiveCfg = Debug|Any CPU
		{51905A54-AD9B-4843-800B-427658EB1136}.Debug|Any CPU.Build.0 = Debug|Any CPU
		{51905A54-AD9B-4843-800B-427658EB1136}.Release|Any CPU.ActiveCfg = Release|Any CPU
		{51905A54-AD9B-4843-800B-427658EB1136}.Release|Any CPU.Build.0 = Release|Any CPU
	EndGlobalSection
	GlobalSection(SolutionProperties) = preSolution
		HideSolutionNode = FALSE
	EndGlobalSection
	GlobalSection(ExtensibilityGlobals) = postSolution
		SolutionGuid = {6838A0EE-9E63-4D5C-98F9-CE64088F56CE}
	EndGlobalSection
EndGlobal
